{
  "name": "nimiq-mining-benchmark",
  "version": "1.0.0",
  "lockfileVersion": 1,
  "requires": true,
  "dependencies": {
    "systeminformation": {
      "version": "3.37.4",
      "resolved": "https://registry.npmjs.org/systeminformation/-/systeminformation-3.37.4.tgz",
      "integrity": "sha512-BWmrVtrg0kVQxY6dVEkqL3btbQ5szcGPGF55mktF6CttTmQIGWAInWwnriyfe0xUEVcT+y1XYVl9RdbePTkqZg=="
    }
  }
}
